# THIS IS AN AUTOGENERATED FILE. DO NOT EDIT THIS FILE DIRECTLY.
# yarn lockfile v1


"@prisma/client@^5.0.0":
  version "5.0.0"
  resolved "https://registry.yarnpkg.com/@prisma/client/-/client-5.0.0.tgz#9f0cd4164f4ffddb28bb1811c27eb7fa1e01a087"
  integrity sha512-XlO5ELNAQ7rV4cXIDJUNBEgdLwX3pjtt9Q/RHqDpGf43szpNJx2hJnggfFs7TKNx0cOFsl6KJCSfqr5duEU/bQ==
  dependencies:
    "@prisma/engines-version" "4.17.0-26.6b0aef69b7cdfc787f822ecd7cdc76d5f1991584"

"@prisma/engines-version@4.17.0-26.6b0aef69b7cdfc787f822ecd7cdc76d5f1991584":
  version "4.17.0-26.6b0aef69b7cdfc787f822ecd7cdc76d5f1991584"
  resolved "https://registry.yarnpkg.com/@prisma/engines-version/-/engines-version-4.17.0-26.6b0aef69b7cdfc787f822ecd7cdc76d5f1991584.tgz#b36eda5620872d3fac810c302a7e46cf41daa033"
  integrity sha512-HHiUF6NixsldsP3JROq07TYBLEjXFKr6PdH8H4gK/XAoTmIplOJBCgrIUMrsRAnEuGyRoRLXKXWUb943+PFoKQ==

"@prisma/engines@5.0.0":
  version "5.0.0"
  resolved "https://registry.yarnpkg.com/@prisma/engines/-/engines-5.0.0.tgz#5249650eabe77c458c90f2be97d8210353c2e22e"
  integrity sha512-kyT/8fd0OpWmhAU5YnY7eP31brW1q1YrTGoblWrhQJDiN/1K+Z8S1kylcmtjqx5wsUGcP1HBWutayA/jtyt+sg==

cors@^2.8.5:
  version "2.8.5"
  resolved "https://registry.yarnpkg.com/cors/-/cors-2.8.5.tgz#eac11da51592dd86b9f06f6e7ac293b3df875d29"
  integrity sha512-KIHbLJqu73RGr/hnbrO9uBeixNGuvSQjul/jdFvS/KFSIH1hWVd1ng7zOHx+YrEfInLG7q4n6GHQ9cDtxv/P6g==
  dependencies:
    object-assign "^4"
    vary "^1"

object-assign@^4:
  version "4.1.1"
  resolved "https://registry.yarnpkg.com/object-assign/-/object-assign-4.1.1.tgz#2109adc7965887cfc05cbbd442cac8bfbb360863"
  integrity sha512-rJgTQnkUnH1sFw8yT6VSU3zD3sWmu6sZhIseY8VX+GRu3P6F7Fu+JNDoXfklElbLJSnc3FUQHVe4cU5hj+BcUg==

prisma@^5.0.0:
  version "5.0.0"
  resolved "https://registry.yarnpkg.com/prisma/-/prisma-5.0.0.tgz#f6571c46dc2478172cb7bc1bb62d74026a2c2630"
  integrity sha512-KYWk83Fhi1FH59jSpavAYTt2eoMVW9YKgu8ci0kuUnt6Dup5Qy47pcB4/TLmiPAbhGrxxSz7gsSnJcCmkyPANA==
  dependencies:
    "@prisma/engines" "5.0.0"

vary@^1:
  version "1.1.2"
  resolved "https://registry.yarnpkg.com/vary/-/vary-1.1.2.tgz#2299f02c6ded30d4a5961b0b9f74524a18f634fc"
  integrity sha512-BNGbWLfd0eUPabhkXUVm0j8uuvREyTh5ovRa/dyow/BqAbZJyC+5fU+IzQOzmAKzYqYRAISoRhdQr3eIZ/PXqg==
